
Microsoft Visual Studio Solution File, Format Version 12.00
# Visual Studio Version 17
VisualStudioVersion = 17.0.31903.59
MinimumVisualStudioVersion = 10.0.40219.1
Project("{2150E333-8FDC-42A3-9474-1A3956D46DE8}") = "src", "src", "{827E0CD3-B72D-47B6-A68D-7590B98EB39B}"
EndProject
Project("{FAE04EC0-301F-11D3-BF4B-00C04F79EFBC}") = "FileMover.Api", "src\FileMover.Api\FileMover.Api.csproj", "{71EA04B6-3DC8-49BB-A95D-17FB2AF76210}"
EndProject
Project("{FAE04EC0-301F-11D3-BF4B-00C04F79EFBC}") = "FileMover.Worker.GenerateFile", "src\FileMover.Worker.GenerateFile\FileMover.Worker.GenerateFile.csproj", "{9BF75EEF-E2A2-411C-9E89-5E31F430BAC8}"
EndProject
Project("{FAE04EC0-301F-11D3-BF4B-00C04F79EFBC}") = "FileMover.Worker.SendFile", "src\FileMover.Worker.SendFile\FileMover.Worker.SendFile.csproj", "{B783826C-92B5-469B-81FC-49C3037BE5FD}"
EndProject
Project("{FAE04EC0-301F-11D3-BF4B-00C04F79EFBC}") = "FileMover.Domain", "src\FileMover.Domain\FileMover.Domain.csproj", "{340E831A-6BD2-479A-883B-A795FB554E42}"
EndProject
Project("{FAE04EC0-301F-11D3-BF4B-00C04F79EFBC}") = "FileMover.Infrastructure", "src\FileMover.Infrastructure\FileMover.Infrastructure.csproj", "{1E506A24-0772-4C1D-A899-4BA3DA192C8C}"
EndProject
Project("{FAE04EC0-301F-11D3-BF4B-00C04F79EFBC}") = "FileMover.Contracts", "src\FileMover.Contracts\FileMover.Contracts.csproj", "{4042700D-186C-40EE-B765-04CF35B020A1}"
EndProject
Project("{2150E333-8FDC-42A3-9474-1A3956D46DE8}") = "tests", "tests", "{0AB3BF05-4346-4AA6-1389-037BE0695223}"
EndProject
Project("{FAE04EC0-301F-11D3-BF4B-00C04F79EFBC}") = "FileMover.Api.Tests", "tests\FileMover.Api.Tests\FileMover.Api.Tests.csproj", "{E88D32E2-3D8E-48CA-A3B2-8A800DCE38D0}"
EndProject
Project("{FAE04EC0-301F-11D3-BF4B-00C04F79EFBC}") = "FileMover.Worker.Tests", "tests\FileMover.Worker.Tests\FileMover.Worker.Tests.csproj", "{F6E2B62C-42F6-4D69-8DD4-818C6118A6AE}"
EndProject
Project("{FAE04EC0-301F-11D3-BF4B-00C04F79EFBC}") = "FileMover.Domain.Tests", "tests\FileMover.Domain.Tests\FileMover.Domain.Tests.csproj", "{30E98C18-AAEC-4794-834B-9D6227EE27B6}"
EndProject
Global
	GlobalSection(SolutionConfigurationPlatforms) = preSolution
		Debug|Any CPU = Debug|Any CPU
		Debug|x64 = Debug|x64
		Debug|x86 = Debug|x86
		Release|Any CPU = Release|Any CPU
		Release|x64 = Release|x64
		Release|x86 = Release|x86
	EndGlobalSection
	GlobalSection(ProjectConfigurationPlatforms) = postSolution
		{71EA04B6-3DC8-49BB-A95D-17FB2AF76210}.Debug|Any CPU.ActiveCfg = Debug|Any CPU
		{71EA04B6-3DC8-49BB-A95D-17FB2AF76210}.Debug|Any CPU.Build.0 = Debug|Any CPU
		{71EA04B6-3DC8-49BB-A95D-17FB2AF76210}.Debug|x64.ActiveCfg = Debug|Any CPU
		{71EA04B6-3DC8-49BB-A95D-17FB2AF76210}.Debug|x64.Build.0 = Debug|Any CPU
		{71EA04B6-3DC8-49BB-A95D-17FB2AF76210}.Debug|x86.ActiveCfg = Debug|Any CPU
		{71EA04B6-3DC8-49BB-A95D-17FB2AF76210}.Debug|x86.Build.0 = Debug|Any CPU
		{71EA04B6-3DC8-49BB-A95D-17FB2AF76210}.Release|Any CPU.ActiveCfg = Release|Any CPU
		{71EA04B6-3DC8-49BB-A95D-17FB2AF76210}.Release|Any CPU.Build.0 = Release|Any CPU
		{71EA04B6-3DC8-49BB-A95D-17FB2AF76210}.Release|x64.ActiveCfg = Release|Any CPU
		{71EA04B6-3DC8-49BB-A95D-17FB2AF76210}.Release|x64.Build.0 = Release|Any CPU
		{71EA04B6-3DC8-49BB-A95D-17FB2AF76210}.Release|x86.ActiveCfg = Release|Any CPU
		{71EA04B6-3DC8-49BB-A95D-17FB2AF76210}.Release|x86.Build.0 = Release|Any CPU
		{9BF75EEF-E2A2-411C-9E89-5E31F430BAC8}.Debug|Any CPU.ActiveCfg = Debug|Any CPU
		{9BF75EEF-E2A2-411C-9E89-5E31F430BAC8}.Debug|Any CPU.Build.0 = Debug|Any CPU
		{9BF75EEF-E2A2-411C-9E89-5E31F430BAC8}.Debug|x64.ActiveCfg = Debug|Any CPU
		{9BF75EEF-E2A2-411C-9E89-5E31F430BAC8}.Debug|x64.Build.0 = Debug|Any CPU
		{9BF75EEF-E2A2-411C-9E89-5E31F430BAC8}.Debug|x86.ActiveCfg = Debug|Any CPU
		{9BF75EEF-E2A2-411C-9E89-5E31F430BAC8}.Debug|x86.Build.0 = Debug|Any CPU
		{9BF75EEF-E2A2-411C-9E89-5E31F430BAC8}.Release|Any CPU.ActiveCfg = Release|Any CPU
		{9BF75EEF-E2A2-411C-9E89-5E31F430BAC8}.Release|Any CPU.Build.0 = Release|Any CPU
		{9BF75EEF-E2A2-411C-9E89-5E31F430BAC8}.Release|x64.ActiveCfg = Release|Any CPU
		{9BF75EEF-E2A2-411C-9E89-5E31F430BAC8}.Release|x64.Build.0 = Release|Any CPU
		{9BF75EEF-E2A2-411C-9E89-5E31F430BAC8}.Release|x86.ActiveCfg = Release|Any CPU
		{9BF75EEF-E2A2-411C-9E89-5E31F430BAC8}.Release|x86.Build.0 = Release|Any CPU
		{B783826C-92B5-469B-81FC-49C3037BE5FD}.Debug|Any CPU.ActiveCfg = Debug|Any CPU
		{B783826C-92B5-469B-81FC-49C3037BE5FD}.Debug|Any CPU.Build.0 = Debug|Any CPU
		{B783826C-92B5-469B-81FC-49C3037BE5FD}.Debug|x64.ActiveCfg = Debug|Any CPU
		{B783826C-92B5-469B-81FC-49C3037BE5FD}.Debug|x64.Build.0 = Debug|Any CPU
		{B783826C-92B5-469B-81FC-49C3037BE5FD}.Debug|x86.ActiveCfg = Debug|Any CPU
		{B783826C-92B5-469B-81FC-49C3037BE5FD}.Debug|x86.Build.0 = Debug|Any CPU
		{B783826C-92B5-469B-81FC-49C3037BE5FD}.Release|Any CPU.ActiveCfg = Release|Any CPU
		{B783826C-92B5-469B-81FC-49C3037BE5FD}.Release|Any CPU.Build.0 = Release|Any CPU
		{B783826C-92B5-469B-81FC-49C3037BE5FD}.Release|x64.ActiveCfg = Release|Any CPU
		{B783826C-92B5-469B-81FC-49C3037BE5FD}.Release|x64.Build.0 = Release|Any CPU
		{B783826C-92B5-469B-81FC-49C3037BE5FD}.Release|x86.ActiveCfg = Release|Any CPU
		{B783826C-92B5-469B-81FC-49C3037BE5FD}.Release|x86.Build.0 = Release|Any CPU
		{340E831A-6BD2-479A-883B-A795FB554E42}.Debug|Any CPU.ActiveCfg = Debug|Any CPU
		{340E831A-6BD2-479A-883B-A795FB554E42}.Debug|Any CPU.Build.0 = Debug|Any CPU
		{340E831A-6BD2-479A-883B-A795FB554E42}.Debug|x64.ActiveCfg = Debug|Any CPU
		{340E831A-6BD2-479A-883B-A795FB554E42}.Debug|x64.Build.0 = Debug|Any CPU
		{340E831A-6BD2-479A-883B-A795FB554E42}.Debug|x86.ActiveCfg = Debug|Any CPU
		{340E831A-6BD2-479A-883B-A795FB554E42}.Debug|x86.Build.0 = Debug|Any CPU
		{340E831A-6BD2-479A-883B-A795FB554E42}.Release|Any CPU.ActiveCfg = Release|Any CPU
		{340E831A-6BD2-479A-883B-A795FB554E42}.Release|Any CPU.Build.0 = Release|Any CPU
		{340E831A-6BD2-479A-883B-A795FB554E42}.Release|x64.ActiveCfg = Release|Any CPU
		{340E831A-6BD2-479A-883B-A795FB554E42}.Release|x64.Build.0 = Release|Any CPU
		{340E831A-6BD2-479A-883B-A795FB554E42}.Release|x86.ActiveCfg = Release|Any CPU
		{340E831A-6BD2-479A-883B-A795FB554E42}.Release|x86.Build.0 = Release|Any CPU
		{1E506A24-0772-4C1D-A899-4BA3DA192C8C}.Debug|Any CPU.ActiveCfg = Debug|Any CPU
		{1E506A24-0772-4C1D-A899-4BA3DA192C8C}.Debug|Any CPU.Build.0 = Debug|Any CPU
		{1E506A24-0772-4C1D-A899-4BA3DA192C8C}.Debug|x64.ActiveCfg = Debug|Any CPU
		{1E506A24-0772-4C1D-A899-4BA3DA192C8C}.Debug|x64.Build.0 = Debug|Any CPU
		{1E506A24-0772-4C1D-A899-4BA3DA192C8C}.Debug|x86.ActiveCfg = Debug|Any CPU
		{1E506A24-0772-4C1D-A899-4BA3DA192C8C}.Debug|x86.Build.0 = Debug|Any CPU
		{1E506A24-0772-4C1D-A899-4BA3DA192C8C}.Release|Any CPU.ActiveCfg = Release|Any CPU
		{1E506A24-0772-4C1D-A899-4BA3DA192C8C}.Release|Any CPU.Build.0 = Release|Any CPU
		{1E506A24-0772-4C1D-A899-4BA3DA192C8C}.Release|x64.ActiveCfg = Release|Any CPU
		{1E506A24-0772-4C1D-A899-4BA3DA192C8C}.Release|x64.Build.0 = Release|Any CPU
		{1E506A24-0772-4C1D-A899-4BA3DA192C8C}.Release|x86.ActiveCfg = Release|Any CPU
		{1E506A24-0772-4C1D-A899-4BA3DA192C8C}.Release|x86.Build.0 = Release|Any CPU
		{4042700D-186C-40EE-B765-04CF35B020A1}.Debug|Any CPU.ActiveCfg = Debug|Any CPU
		{4042700D-186C-40EE-B765-04CF35B020A1}.Debug|Any CPU.Build.0 = Debug|Any CPU
		{4042700D-186C-40EE-B765-04CF35B020A1}.Debug|x64.ActiveCfg = Debug|Any CPU
		{4042700D-186C-40EE-B765-04CF35B020A1}.Debug|x64.Build.0 = Debug|Any CPU
		{4042700D-186C-40EE-B765-04CF35B020A1}.Debug|x86.ActiveCfg = Debug|Any CPU
		{4042700D-186C-40EE-B765-04CF35B020A1}.Debug|x86.Build.0 = Debug|Any CPU
		{4042700D-186C-40EE-B765-04CF35B020A1}.Release|Any CPU.ActiveCfg = Release|Any CPU
		{4042700D-186C-40EE-B765-04CF35B020A1}.Release|Any CPU.Build.0 = Release|Any CPU
		{4042700D-186C-40EE-B765-04CF35B020A1}.Release|x64.ActiveCfg = Release|Any CPU
		{4042700D-186C-40EE-B765-04CF35B020A1}.Release|x64.Build.0 = Release|Any CPU
		{4042700D-186C-40EE-B765-04CF35B020A1}.Release|x86.ActiveCfg = Release|Any CPU
		{4042700D-186C-40EE-B765-04CF35B020A1}.Release|x86.Build.0 = Release|Any CPU
		{E88D32E2-3D8E-48CA-A3B2-8A800DCE38D0}.Debug|Any CPU.ActiveCfg = Debug|Any CPU
		{E88D32E2-3D8E-48CA-A3B2-8A800DCE38D0}.Debug|Any CPU.Build.0 = Debug|Any CPU
		{E88D32E2-3D8E-48CA-A3B2-8A800DCE38D0}.Debug|x64.ActiveCfg = Debug|Any CPU
		{E88D32E2-3D8E-48CA-A3B2-8A800DCE38D0}.Debug|x64.Build.0 = Debug|Any CPU
		{E88D32E2-3D8E-48CA-A3B2-8A800DCE38D0}.Debug|x86.ActiveCfg = Debug|Any CPU
		{E88D32E2-3D8E-48CA-A3B2-8A800DCE38D0}.Debug|x86.Build.0 = Debug|Any CPU
		{E88D32E2-3D8E-48CA-A3B2-8A800DCE38D0}.Release|Any CPU.ActiveCfg = Release|Any CPU
		{E88D32E2-3D8E-48CA-A3B2-8A800DCE38D0}.Release|Any CPU.Build.0 = Release|Any CPU
		{E88D32E2-3D8E-48CA-A3B2-8A800DCE38D0}.Release|x64.ActiveCfg = Release|Any CPU
		{E88D32E2-3D8E-48CA-A3B2-8A800DCE38D0}.Release|x64.Build.0 = Release|Any CPU
		{E88D32E2-3D8E-48CA-A3B2-8A800DCE38D0}.Release|x86.ActiveCfg = Release|Any CPU
		{E88D32E2-3D8E-48CA-A3B2-8A800DCE38D0}.Release|x86.Build.0 = Release|Any CPU
		{F6E2B62C-42F6-4D69-8DD4-818C6118A6AE}.Debug|Any CPU.ActiveCfg = Debug|Any CPU
		{F6E2B62C-42F6-4D69-8DD4-818C6118A6AE}.Debug|Any CPU.Build.0 = Debug|Any CPU
		{F6E2B62C-42F6-4D69-8DD4-818C6118A6AE}.Debug|x64.ActiveCfg = Debug|Any CPU
		{F6E2B62C-42F6-4D69-8DD4-818C6118A6AE}.Debug|x64.Build.0 = Debug|Any CPU
		{F6E2B62C-42F6-4D69-8DD4-818C6118A6AE}.Debug|x86.ActiveCfg = Debug|Any CPU
		{F6E2B62C-42F6-4D69-8DD4-818C6118A6AE}.Debug|x86.Build.0 = Debug|Any CPU
		{F6E2B62C-42F6-4D69-8DD4-818C6118A6AE}.Release|Any CPU.ActiveCfg = Release|Any CPU
		{F6E2B62C-42F6-4D69-8DD4-818C6118A6AE}.Release|Any CPU.Build.0 = Release|Any CPU
		{F6E2B62C-42F6-4D69-8DD4-818C6118A6AE}.Release|x64.ActiveCfg = Release|Any CPU
		{F6E2B62C-42F6-4D69-8DD4-818C6118A6AE}.Release|x64.Build.0 = Release|Any CPU
		{F6E2B62C-42F6-4D69-8DD4-818C6118A6AE}.Release|x86.ActiveCfg = Release|Any CPU
		{F6E2B62C-42F6-4D69-8DD4-818C6118A6AE}.Release|x86.Build.0 = Release|Any CPU
		{30E98C18-AAEC-4794-834B-9D6227EE27B6}.Debug|Any CPU.ActiveCfg = Debug|Any CPU
		{30E98C18-AAEC-4794-834B-9D6227EE27B6}.Debug|Any CPU.Build.0 = Debug|Any CPU
		{30E98C18-AAEC-4794-834B-9D6227EE27B6}.Debug|x64.ActiveCfg = Debug|Any CPU
		{30E98C18-AAEC-4794-834B-9D6227EE27B6}.Debug|x64.Build.0 = Debug|Any CPU
		{30E98C18-AAEC-4794-834B-9D6227EE27B6}.Debug|x86.ActiveCfg = Debug|Any CPU
		{30E98C18-AAEC-4794-834B-9D6227EE27B6}.Debug|x86.Build.0 = Debug|Any CPU
		{30E98C18-AAEC-4794-834B-9D6227EE27B6}.Release|Any CPU.ActiveCfg = Release|Any CPU
		{30E98C18-AAEC-4794-834B-9D6227EE27B6}.Release|Any CPU.Build.0 = Release|Any CPU
		{30E98C18-AAEC-4794-834B-9D6227EE27B6}.Release|x64.ActiveCfg = Release|Any CPU
		{30E98C18-AAEC-4794-834B-9D6227EE27B6}.Release|x64.Build.0 = Release|Any CPU
		{30E98C18-AAEC-4794-834B-9D6227EE27B6}.Release|x86.ActiveCfg = Release|Any CPU
		{30E98C18-AAEC-4794-834B-9D6227EE27B6}.Release|x86.Build.0 = Release|Any CPU
	EndGlobalSection
	GlobalSection(SolutionProperties) = preSolution
		HideSolutionNode = FALSE
	EndGlobalSection
	GlobalSection(NestedProjects) = preSolution
		{71EA04B6-3DC8-49BB-A95D-17FB2AF76210} = {827E0CD3-B72D-47B6-A68D-7590B98EB39B}
		{9BF75EEF-E2A2-411C-9E89-5E31F430BAC8} = {827E0CD3-B72D-47B6-A68D-7590B98EB39B}
		{B783826C-92B5-469B-81FC-49C3037BE5FD} = {827E0CD3-B72D-47B6-A68D-7590B98EB39B}
		{340E831A-6BD2-479A-883B-A795FB554E42} = {827E0CD3-B72D-47B6-A68D-7590B98EB39B}
		{1E506A24-0772-4C1D-A899-4BA3DA192C8C} = {827E0CD3-B72D-47B6-A68D-7590B98EB39B}
		{4042700D-186C-40EE-B765-04CF35B020A1} = {827E0CD3-B72D-47B6-A68D-7590B98EB39B}
		{E88D32E2-3D8E-48CA-A3B2-8A800DCE38D0} = {0AB3BF05-4346-4AA6-1389-037BE0695223}
		{F6E2B62C-42F6-4D69-8DD4-818C6118A6AE} = {0AB3BF05-4346-4AA6-1389-037BE0695223}
		{30E98C18-AAEC-4794-834B-9D6227EE27B6} = {0AB3BF05-4346-4AA6-1389-037BE0695223}
	EndGlobalSection
EndGlobal
